
Microsoft Visual Studio Solution File, Format Version 11.00
# Visual Studio 2010
Project("{FAE04EC0-301F-11D3-BF4B-00C04F79EFBC}") = "Assembly-CSharp-firstpass", "Assembly-CSharp-firstpass.csproj", "{882cdde5-f386-8c56-a08d-0ae2bc6ad547}"
EndProject
Project("{FAE04EC0-301F-11D3-BF4B-00C04F79EFBC}") = "Assembly-CSharp", "Assembly-CSharp.csproj", "{5cd46532-45d2-d6d1-d85e-923bf11e93c7}"
EndProject
Project("{FAE04EC0-301F-11D3-BF4B-00C04F79EFBC}") = "Assembly-CSharp-Editor-firstpass", "Assembly-CSharp-Editor-firstpass.csproj", "{09c40387-815b-7535-f1e0-6d529d98b4fa}"
EndProject
Project("{FAE04EC0-301F-11D3-BF4B-00C04F79EFBC}") = "Assembly-CSharp-Editor", "Assembly-CSharp-Editor.csproj", "{1efaa9b8-8ee6-b8e5-3ab1-e2a3dcbb9c71}"
EndProject
Global
	GlobalSection(SolutionConfigurationPlatforms) = preSolution
		Debug|Any CPU = Debug|Any CPU
		Release|Any CPU = Release|Any CPU
	EndGlobalSection
	GlobalSection(ProjectConfigurationPlatforms) = postSolution
		{882cdde5-f386-8c56-a08d-0ae2bc6ad547}.Debug|Any CPU.ActiveCfg = Debug|Any CPU
		{882cdde5-f386-8c56-a08d-0ae2bc6ad547}.Debug|Any CPU.Build.0 = Debug|Any CPU
		{882cdde5-f386-8c56-a08d-0ae2bc6ad547}.Release|Any CPU.ActiveCfg = Release|Any CPU
		{882cdde5-f386-8c56-a08d-0ae2bc6ad547}.Release|Any CPU.Build.0 = Release|Any CPU
		{5cd46532-45d2-d6d1-d85e-923bf11e93c7}.Debug|Any CPU.ActiveCfg = Debug|Any CPU
		{5cd46532-45d2-d6d1-d85e-923bf11e93c7}.Debug|Any CPU.Build.0 = Debug|Any CPU
		{5cd46532-45d2-d6d1-d85e-923bf11e93c7}.Release|Any CPU.ActiveCfg = Release|Any CPU
		{5cd46532-45d2-d6d1-d85e-923bf11e93c7}.Release|Any CPU.Build.0 = Release|Any CPU
		{09c40387-815b-7535-f1e0-6d529d98b4fa}.Debug|Any CPU.ActiveCfg = Debug|Any CPU
		{09c40387-815b-7535-f1e0-6d529d98b4fa}.Debug|Any CPU.Build.0 = Debug|Any CPU
		{09c40387-815b-7535-f1e0-6d529d98b4fa}.Release|Any CPU.ActiveCfg = Release|Any CPU
		{09c40387-815b-7535-f1e0-6d529d98b4fa}.Release|Any CPU.Build.0 = Release|Any CPU
		{1efaa9b8-8ee6-b8e5-3ab1-e2a3dcbb9c71}.Debug|Any CPU.ActiveCfg = Debug|Any CPU
		{1efaa9b8-8ee6-b8e5-3ab1-e2a3dcbb9c71}.Debug|Any CPU.Build.0 = Debug|Any CPU
		{1efaa9b8-8ee6-b8e5-3ab1-e2a3dcbb9c71}.Release|Any CPU.ActiveCfg = Release|Any CPU
		{1efaa9b8-8ee6-b8e5-3ab1-e2a3dcbb9c71}.Release|Any CPU.Build.0 = Release|Any CPU
	EndGlobalSection
	GlobalSection(SolutionProperties) = preSolution
		HideSolutionNode = FALSE
	EndGlobalSection
EndGlobal
